<?xml version="1.0" encoding="utf-8"?>
<Project ToolsVersion="4.0" xmlns="http://schemas.microsoft.com/developer/msbuild/2003">
  <ItemGroup>
    <Filter Include="Исходные файлы">
      <UniqueIdentifier>{4FC737F1-C7A5-4376-A066-2A32D752A2FF}</UniqueIdentifier>
      <Extensions>cpp;c;cc;cxx;c++;cppm;ixx;def;odl;idl;hpj;bat;asm;asmx</Extensions>
    </Filter>
    <Filter Include="Файлы заголовков">
      <UniqueIdentifier>{93995380-89BD-4b04-88EB-625FBE52EBFB}</UniqueIdentifier>
      <Extensions>h;hh;hpp;hxx;h++;hm;inl;inc;ipp;xsd</Extensions>
    </Filter>
    <Filter Include="Файлы ресурсов">
      <UniqueIdentifier>{67DA6AB6-F800-4c08-8B7A-83BB121AAD01}</UniqueIdentifier>
      <Extensions>rc;ico;cur;bmp;dlg;rc2;rct;bin;rgs;gif;jpg;jpeg;jpe;resx;tiff;tif;png;wav;mfcribbon-ms</Extensions>
    </Filter>
    <Filter Include="Исходные файлы\DataStructures">
      <UniqueIdentifier>{197fa017-b14b-418d-bd22-9f48b7e3a7c9}</UniqueIdentifier>
    </Filter>
    <Filter Include="Исходные файлы\Test">
      <UniqueIdentifier>{94d8296f-c7c5-4b27-8403-a14f2952e42e}</UniqueIdentifier>
    </Filter>
    <Filter Include="Исходные файлы\UI">
      <UniqueIdentifier>{f70d30ab-27c9-4dab-9ad7-3ea423c5007e}</UniqueIdentifier>
    </Filter>
    <Filter Include="Исходные файлы\DataTypes">
      <UniqueIdentifier>{79197cc4-b1be-4b36-ba7a-54d4ab254afb}</UniqueIdentifier>
    </Filter>
  </ItemGroup>
  <ItemGroup>
    <ClInclude Include="Queue.hpp">
      <Filter>Исходные файлы\DataStructures</Filter>
    </ClInclude>
    <ClInclude Include="Stack.hpp">
      <Filter>Исходные файлы\DataStructures</Filter>
    </ClInclude>
    <ClInclude Include="TestStack.hpp">
      <Filter>Исходные файлы\Test</Filter>
    </ClInclude>
    <ClInclude Include="TestQueue.hpp">
      <Filter>Исходные файлы\Test</Filter>
    </ClInclude>
    <ClInclude Include="Deque.hpp">
      <Filter>Исходные файлы\DataStructures</Filter>
    </ClInclude>
    <ClInclude Include="TestDeque.hpp">
      <Filter>Исходные файлы\Test</Filter>
    </ClInclude>
    <ClInclude Include="Pair.hpp">
      <Filter>Исходные файлы\DataStructures</Filter>
    </ClInclude>
    <ClInclude Include="view.hpp">
      <Filter>Исходные файлы\UI</Filter>
    </ClInclude>
    <ClInclude Include="String.hpp">
      <Filter>Исходные файлы\DataTypes</Filter>
    </ClInclude>
    <ClInclude Include="Person.hpp">
      <Filter>Исходные файлы\DataTypes</Filter>
    </ClInclude>
    <ClInclude Include="_StringUtilitie_.hpp">
      <Filter>Исходные файлы\DataTypes</Filter>
    </ClInclude>
    <ClInclude Include="TestDataTypes.hpp">
      <Filter>Исходные файлы\Test</Filter>
    </ClInclude>
    <ClInclude Include="Student.hpp">
      <Filter>Исходные файлы\DataTypes</Filter>
    </ClInclude>
    <ClInclude Include="Teacher.hpp">
      <Filter>Исходные файлы\DataTypes</Filter>
    </ClInclude>
    <ClInclude Include="TestCompatibility.hpp">
      <Filter>Файлы заголовков</Filter>
    </ClInclude>
  </ItemGroup>
  <ItemGroup>
    <ClCompile Include="main.cpp">
      <Filter>Исходные файлы</Filter>
    </ClCompile>
    <ClCompile Include="Stack.cpp">
      <Filter>Исходные файлы\DataStructures</Filter>
    </ClCompile>
    <ClCompile Include="TestStack.cpp">
      <Filter>Исходные файлы\Test</Filter>
    </ClCompile>
    <ClCompile Include="Queue.cpp">
      <Filter>Исходные файлы\DataStructures</Filter>
    </ClCompile>
    <ClCompile Include="TestQueue.cpp">
      <Filter>Исходные файлы\Test</Filter>
    </ClCompile>
    <ClCompile Include="Deque.cpp">
      <Filter>Исходные файлы\DataStructures</Filter>
    </ClCompile>
    <ClCompile Include="TestDeque.cpp">
      <Filter>Исходные файлы\Test</Filter>
    </ClCompile>
    <ClCompile Include="view.cpp">
      <Filter>Исходные файлы\UI</Filter>
    </ClCompile>
    <ClCompile Include="TestDataTypes.cpp">
      <Filter>Исходные файлы\Test</Filter>
    </ClCompile>
    <ClCompile Include="_StringUtilite_.cpp">
      <Filter>Исходные файлы\DataTypes</Filter>
    </ClCompile>
    <ClCompile Include="TestCompatibility.cpp">
      <Filter>Исходные файлы\Test</Filter>
    </ClCompile>
  </ItemGroup>
</Project>